
Microsoft Visual Studio Solution File, Format Version 12.00
# Visual Studio Version 17
VisualStudioVersion = 17.5.2.0
MinimumVisualStudioVersion = 10.0.40219.1
Project("{FAE04EC0-301F-11D3-BF4B-00C04F79EFBC}") = "GymApp", "GymApp.csproj", "{E9437D74-A4F2-91F2-79D8-7AB394FA019A}"
EndProject
Project("{FAE04EC0-301F-11D3-BF4B-00C04F79EFBC}") = "GymApp.DAL", "GymApp.DAL\GymApp.DAL.csproj", "{DA7D00D6-45F9-4905-9FC4-55EA759CC0A2}"
EndProject
Project("{FAE04EC0-301F-11D3-BF4B-00C04F79EFBC}") = "GymApp.BLL", "GymApp.BLL\GymApp.BLL.csproj", "{1917E32C-C387-4680-941C-6EC8744A5C51}"
EndProject
Global
	GlobalSection(SolutionConfigurationPlatforms) = preSolution
		Debug|Any CPU = Debug|Any CPU
		Debug|x64 = Debug|x64
		Debug|x86 = Debug|x86
		Release|Any CPU = Release|Any CPU
		Release|x64 = Release|x64
		Release|x86 = Release|x86
	EndGlobalSection
	GlobalSection(ProjectConfigurationPlatforms) = postSolution
		{E9437D74-A4F2-91F2-79D8-7AB394FA019A}.Debug|Any CPU.ActiveCfg = Debug|Any CPU
		{E9437D74-A4F2-91F2-79D8-7AB394FA019A}.Debug|Any CPU.Build.0 = Debug|Any CPU
		{E9437D74-A4F2-91F2-79D8-7AB394FA019A}.Debug|x64.ActiveCfg = Debug|Any CPU
		{E9437D74-A4F2-91F2-79D8-7AB394FA019A}.Debug|x64.Build.0 = Debug|Any CPU
		{E9437D74-A4F2-91F2-79D8-7AB394FA019A}.Debug|x86.ActiveCfg = Debug|Any CPU
		{E9437D74-A4F2-91F2-79D8-7AB394FA019A}.Debug|x86.Build.0 = Debug|Any CPU
		{E9437D74-A4F2-91F2-79D8-7AB394FA019A}.Release|Any CPU.ActiveCfg = Release|Any CPU
		{E9437D74-A4F2-91F2-79D8-7AB394FA019A}.Release|Any CPU.Build.0 = Release|Any CPU
		{E9437D74-A4F2-91F2-79D8-7AB394FA019A}.Release|x64.ActiveCfg = Release|Any CPU
		{E9437D74-A4F2-91F2-79D8-7AB394FA019A}.Release|x64.Build.0 = Release|Any CPU
		{E9437D74-A4F2-91F2-79D8-7AB394FA019A}.Release|x86.ActiveCfg = Release|Any CPU
		{E9437D74-A4F2-91F2-79D8-7AB394FA019A}.Release|x86.Build.0 = Release|Any CPU
		{DA7D00D6-45F9-4905-9FC4-55EA759CC0A2}.Debug|Any CPU.ActiveCfg = Debug|Any CPU
		{DA7D00D6-45F9-4905-9FC4-55EA759CC0A2}.Debug|Any CPU.Build.0 = Debug|Any CPU
		{DA7D00D6-45F9-4905-9FC4-55EA759CC0A2}.Debug|x64.ActiveCfg = Debug|Any CPU
		{DA7D00D6-45F9-4905-9FC4-55EA759CC0A2}.Debug|x64.Build.0 = Debug|Any CPU
		{DA7D00D6-45F9-4905-9FC4-55EA759CC0A2}.Debug|x86.ActiveCfg = Debug|Any CPU
		{DA7D00D6-45F9-4905-9FC4-55EA759CC0A2}.Debug|x86.Build.0 = Debug|Any CPU
		{DA7D00D6-45F9-4905-9FC4-55EA759CC0A2}.Release|Any CPU.ActiveCfg = Release|Any CPU
		{DA7D00D6-45F9-4905-9FC4-55EA759CC0A2}.Release|Any CPU.Build.0 = Release|Any CPU
		{DA7D00D6-45F9-4905-9FC4-55EA759CC0A2}.Release|x64.ActiveCfg = Release|Any CPU
		{DA7D00D6-45F9-4905-9FC4-55EA759CC0A2}.Release|x64.Build.0 = Release|Any CPU
		{DA7D00D6-45F9-4905-9FC4-55EA759CC0A2}.Release|x86.ActiveCfg = Release|Any CPU
		{DA7D00D6-45F9-4905-9FC4-55EA759CC0A2}.Release|x86.Build.0 = Release|Any CPU
		{1917E32C-C387-4680-941C-6EC8744A5C51}.Debug|Any CPU.ActiveCfg = Debug|Any CPU
		{1917E32C-C387-4680-941C-6EC8744A5C51}.Debug|Any CPU.Build.0 = Debug|Any CPU
		{1917E32C-C387-4680-941C-6EC8744A5C51}.Debug|x64.ActiveCfg = Debug|Any CPU
		{1917E32C-C387-4680-941C-6EC8744A5C51}.Debug|x64.Build.0 = Debug|Any CPU
		{1917E32C-C387-4680-941C-6EC8744A5C51}.Debug|x86.ActiveCfg = Debug|Any CPU
		{1917E32C-C387-4680-941C-6EC8744A5C51}.Debug|x86.Build.0 = Debug|Any CPU
		{1917E32C-C387-4680-941C-6EC8744A5C51}.Release|Any CPU.ActiveCfg = Release|Any CPU
		{1917E32C-C387-4680-941C-6EC8744A5C51}.Release|Any CPU.Build.0 = Release|Any CPU
		{1917E32C-C387-4680-941C-6EC8744A5C51}.Release|x64.ActiveCfg = Release|Any CPU
		{1917E32C-C387-4680-941C-6EC8744A5C51}.Release|x64.Build.0 = Release|Any CPU
		{1917E32C-C387-4680-941C-6EC8744A5C51}.Release|x86.ActiveCfg = Release|Any CPU
		{1917E32C-C387-4680-941C-6EC8744A5C51}.Release|x86.Build.0 = Release|Any CPU
	EndGlobalSection
	GlobalSection(SolutionProperties) = preSolution
		HideSolutionNode = FALSE
	EndGlobalSection
	GlobalSection(ExtensibilityGlobals) = postSolution
		SolutionGuid = {558D7D75-3AC1-491A-B2BB-8B2811845A93}
	EndGlobalSection
EndGlobal
